
Microsoft Visual Studio Solution File, Format Version 12.00
# Visual Studio Version 16
VisualStudioVersion = 16.0.30114.105
MinimumVisualStudioVersion = 10.0.40219.1
Project("{FAE04EC0-301F-11D3-BF4B-00C04F79EFBC}") = "FristList.WebApi", "FristList.WebApi\FristList.WebApi.csproj", "{479766A8-1947-491C-8987-DCF3DC988C39}"
EndProject
Project("{FAE04EC0-301F-11D3-BF4B-00C04F79EFBC}") = "FristList.Services", "FristList.Services\FristList.Services.csproj", "{6C8C9886-225C-4448-A6AA-BA62ED266EF4}"
EndProject
Project("{FAE04EC0-301F-11D3-BF4B-00C04F79EFBC}") = "FristList.Client.Console", "FristList.Client.Console\FristList.Client.Console.csproj", "{07B3A7BE-9510-429F-B02B-9335E9E8213C}"
EndProject
Project("{FAE04EC0-301F-11D3-BF4B-00C04F79EFBC}") = "FristList.Services.PostgreSql", "FristList.Services.PostgreSql\FristList.Services.PostgreSql.csproj", "{DFF221F1-A978-4A58-9A38-8FB039379999}"
EndProject
Project("{FAE04EC0-301F-11D3-BF4B-00C04F79EFBC}") = "FristList.Data", "FristList.Data\FristList.Data.csproj", "{B1CC962E-03EE-41CA-98A4-76813A4146CF}"
EndProject
Global
	GlobalSection(SolutionConfigurationPlatforms) = preSolution
		Debug|Any CPU = Debug|Any CPU
		Debug|x64 = Debug|x64
		Debug|x86 = Debug|x86
		Release|Any CPU = Release|Any CPU
		Release|x64 = Release|x64
		Release|x86 = Release|x86
	EndGlobalSection
	GlobalSection(SolutionProperties) = preSolution
		HideSolutionNode = FALSE
	EndGlobalSection
	GlobalSection(ProjectConfigurationPlatforms) = postSolution
		{479766A8-1947-491C-8987-DCF3DC988C39}.Debug|Any CPU.ActiveCfg = Debug|Any CPU
		{479766A8-1947-491C-8987-DCF3DC988C39}.Debug|Any CPU.Build.0 = Debug|Any CPU
		{479766A8-1947-491C-8987-DCF3DC988C39}.Debug|x64.ActiveCfg = Debug|Any CPU
		{479766A8-1947-491C-8987-DCF3DC988C39}.Debug|x64.Build.0 = Debug|Any CPU
		{479766A8-1947-491C-8987-DCF3DC988C39}.Debug|x86.ActiveCfg = Debug|Any CPU
		{479766A8-1947-491C-8987-DCF3DC988C39}.Debug|x86.Build.0 = Debug|Any CPU
		{479766A8-1947-491C-8987-DCF3DC988C39}.Release|Any CPU.ActiveCfg = Release|Any CPU
		{479766A8-1947-491C-8987-DCF3DC988C39}.Release|Any CPU.Build.0 = Release|Any CPU
		{479766A8-1947-491C-8987-DCF3DC988C39}.Release|x64.ActiveCfg = Release|Any CPU
		{479766A8-1947-491C-8987-DCF3DC988C39}.Release|x64.Build.0 = Release|Any CPU
		{479766A8-1947-491C-8987-DCF3DC988C39}.Release|x86.ActiveCfg = Release|Any CPU
		{479766A8-1947-491C-8987-DCF3DC988C39}.Release|x86.Build.0 = Release|Any CPU
		{6C8C9886-225C-4448-A6AA-BA62ED266EF4}.Debug|Any CPU.ActiveCfg = Debug|Any CPU
		{6C8C9886-225C-4448-A6AA-BA62ED266EF4}.Debug|Any CPU.Build.0 = Debug|Any CPU
		{6C8C9886-225C-4448-A6AA-BA62ED266EF4}.Debug|x64.ActiveCfg = Debug|Any CPU
		{6C8C9886-225C-4448-A6AA-BA62ED266EF4}.Debug|x64.Build.0 = Debug|Any CPU
		{6C8C9886-225C-4448-A6AA-BA62ED266EF4}.Debug|x86.ActiveCfg = Debug|Any CPU
		{6C8C9886-225C-4448-A6AA-BA62ED266EF4}.Debug|x86.Build.0 = Debug|Any CPU
		{6C8C9886-225C-4448-A6AA-BA62ED266EF4}.Release|Any CPU.ActiveCfg = Release|Any CPU
		{6C8C9886-225C-4448-A6AA-BA62ED266EF4}.Release|Any CPU.Build.0 = Release|Any CPU
		{6C8C9886-225C-4448-A6AA-BA62ED266EF4}.Release|x64.ActiveCfg = Release|Any CPU
		{6C8C9886-225C-4448-A6AA-BA62ED266EF4}.Release|x64.Build.0 = Release|Any CPU
		{6C8C9886-225C-4448-A6AA-BA62ED266EF4}.Release|x86.ActiveCfg = Release|Any CPU
		{6C8C9886-225C-4448-A6AA-BA62ED266EF4}.Release|x86.Build.0 = Release|Any CPU
		{07B3A7BE-9510-429F-B02B-9335E9E8213C}.Debug|Any CPU.ActiveCfg = Debug|Any CPU
		{07B3A7BE-9510-429F-B02B-9335E9E8213C}.Debug|Any CPU.Build.0 = Debug|Any CPU
		{07B3A7BE-9510-429F-B02B-9335E9E8213C}.Debug|x64.ActiveCfg = Debug|Any CPU
		{07B3A7BE-9510-429F-B02B-9335E9E8213C}.Debug|x64.Build.0 = Debug|Any CPU
		{07B3A7BE-9510-429F-B02B-9335E9E8213C}.Debug|x86.ActiveCfg = Debug|Any CPU
		{07B3A7BE-9510-429F-B02B-9335E9E8213C}.Debug|x86.Build.0 = Debug|Any CPU
		{07B3A7BE-9510-429F-B02B-9335E9E8213C}.Release|Any CPU.ActiveCfg = Release|Any CPU
		{07B3A7BE-9510-429F-B02B-9335E9E8213C}.Release|Any CPU.Build.0 = Release|Any CPU
		{07B3A7BE-9510-429F-B02B-9335E9E8213C}.Release|x64.ActiveCfg = Release|Any CPU
		{07B3A7BE-9510-429F-B02B-9335E9E8213C}.Release|x64.Build.0 = Release|Any CPU
		{07B3A7BE-9510-429F-B02B-9335E9E8213C}.Release|x86.ActiveCfg = Release|Any CPU
		{07B3A7BE-9510-429F-B02B-9335E9E8213C}.Release|x86.Build.0 = Release|Any CPU
		{DFF221F1-A978-4A58-9A38-8FB039379999}.Debug|Any CPU.ActiveCfg = Debug|Any CPU
		{DFF221F1-A978-4A58-9A38-8FB039379999}.Debug|Any CPU.Build.0 = Debug|Any CPU
		{DFF221F1-A978-4A58-9A38-8FB039379999}.Debug|x64.ActiveCfg = Debug|Any CPU
		{DFF221F1-A978-4A58-9A38-8FB039379999}.Debug|x64.Build.0 = Debug|Any CPU
		{DFF221F1-A978-4A58-9A38-8FB039379999}.Debug|x86.ActiveCfg = Debug|Any CPU
		{DFF221F1-A978-4A58-9A38-8FB039379999}.Debug|x86.Build.0 = Debug|Any CPU
		{DFF221F1-A978-4A58-9A38-8FB039379999}.Release|Any CPU.ActiveCfg = Release|Any CPU
		{DFF221F1-A978-4A58-9A38-8FB039379999}.Release|Any CPU.Build.0 = Release|Any CPU
		{DFF221F1-A978-4A58-9A38-8FB039379999}.Release|x64.ActiveCfg = Release|Any CPU
		{DFF221F1-A978-4A58-9A38-8FB039379999}.Release|x64.Build.0 = Release|Any CPU
		{DFF221F1-A978-4A58-9A38-8FB039379999}.Release|x86.ActiveCfg = Release|Any CPU
		{DFF221F1-A978-4A58-9A38-8FB039379999}.Release|x86.Build.0 = Release|Any CPU
		{B1CC962E-03EE-41CA-98A4-76813A4146CF}.Debug|Any CPU.ActiveCfg = Debug|Any CPU
		{B1CC962E-03EE-41CA-98A4-76813A4146CF}.Debug|Any CPU.Build.0 = Debug|Any CPU
		{B1CC962E-03EE-41CA-98A4-76813A4146CF}.Debug|x64.ActiveCfg = Debug|Any CPU
		{B1CC962E-03EE-41CA-98A4-76813A4146CF}.Debug|x64.Build.0 = Debug|Any CPU
		{B1CC962E-03EE-41CA-98A4-76813A4146CF}.Debug|x86.ActiveCfg = Debug|Any CPU
		{B1CC962E-03EE-41CA-98A4-76813A4146CF}.Debug|x86.Build.0 = Debug|Any CPU
		{B1CC962E-03EE-41CA-98A4-76813A4146CF}.Release|Any CPU.ActiveCfg = Release|Any CPU
		{B1CC962E-03EE-41CA-98A4-76813A4146CF}.Release|Any CPU.Build.0 = Release|Any CPU
		{B1CC962E-03EE-41CA-98A4-76813A4146CF}.Release|x64.ActiveCfg = Release|Any CPU
		{B1CC962E-03EE-41CA-98A4-76813A4146CF}.Release|x64.Build.0 = Release|Any CPU
		{B1CC962E-03EE-41CA-98A4-76813A4146CF}.Release|x86.ActiveCfg = Release|Any CPU
		{B1CC962E-03EE-41CA-98A4-76813A4146CF}.Release|x86.Build.0 = Release|Any CPU
	EndGlobalSection
EndGlobal
